
Microsoft Visual Studio Solution File, Format Version 12.00
# Visual Studio 15
VisualStudioVersion = 15.0.28307.572
MinimumVisualStudioVersion = 10.0.40219.1
Project("{FAE04EC0-301F-11D3-BF4B-00C04F79EFBC}") = "MTParcial2.Android", "MTParcial2\MTParcial2.Android\MTParcial2.Android.csproj", "{10E3DB69-09E5-483B-A3E7-49B94E95BAC5}"
EndProject
Project("{FAE04EC0-301F-11D3-BF4B-00C04F79EFBC}") = "MTParcial2.iOS", "MTParcial2\MTParcial2.iOS\MTParcial2.iOS.csproj", "{CCB573E6-15ED-4A95-97E2-A6AAFA08E345}"
EndProject
Project("{FAE04EC0-301F-11D3-BF4B-00C04F79EFBC}") = "MTParcial2", "MTParcial2\MTParcial2\MTParcial2.csproj", "{FEEE31CB-3F53-42CC-BDDF-F1AF9534D9B9}"
EndProject
Global
	GlobalSection(SolutionConfigurationPlatforms) = preSolution
		Ad-Hoc|Any CPU = Ad-Hoc|Any CPU
		Ad-Hoc|iPhone = Ad-Hoc|iPhone
		Ad-Hoc|iPhoneSimulator = Ad-Hoc|iPhoneSimulator
		AppStore|Any CPU = AppStore|Any CPU
		AppStore|iPhone = AppStore|iPhone
		AppStore|iPhoneSimulator = AppStore|iPhoneSimulator
		Debug|Any CPU = Debug|Any CPU
		Debug|iPhone = Debug|iPhone
		Debug|iPhoneSimulator = Debug|iPhoneSimulator
		Release|Any CPU = Release|Any CPU
		Release|iPhone = Release|iPhone
		Release|iPhoneSimulator = Release|iPhoneSimulator
	EndGlobalSection
	GlobalSection(ProjectConfigurationPlatforms) = postSolution
		{10E3DB69-09E5-483B-A3E7-49B94E95BAC5}.Ad-Hoc|Any CPU.ActiveCfg = Release|Any CPU
		{10E3DB69-09E5-483B-A3E7-49B94E95BAC5}.Ad-Hoc|Any CPU.Build.0 = Release|Any CPU
		{10E3DB69-09E5-483B-A3E7-49B94E95BAC5}.Ad-Hoc|Any CPU.Deploy.0 = Release|Any CPU
		{10E3DB69-09E5-483B-A3E7-49B94E95BAC5}.Ad-Hoc|iPhone.ActiveCfg = Release|Any CPU
		{10E3DB69-09E5-483B-A3E7-49B94E95BAC5}.Ad-Hoc|iPhone.Build.0 = Release|Any CPU
		{10E3DB69-09E5-483B-A3E7-49B94E95BAC5}.Ad-Hoc|iPhone.Deploy.0 = Release|Any CPU
		{10E3DB69-09E5-483B-A3E7-49B94E95BAC5}.Ad-Hoc|iPhoneSimulator.ActiveCfg = Release|Any CPU
		{10E3DB69-09E5-483B-A3E7-49B94E95BAC5}.Ad-Hoc|iPhoneSimulator.Build.0 = Release|Any CPU
		{10E3DB69-09E5-483B-A3E7-49B94E95BAC5}.Ad-Hoc|iPhoneSimulator.Deploy.0 = Release|Any CPU
		{10E3DB69-09E5-483B-A3E7-49B94E95BAC5}.AppStore|Any CPU.ActiveCfg = Release|Any CPU
		{10E3DB69-09E5-483B-A3E7-49B94E95BAC5}.AppStore|Any CPU.Build.0 = Release|Any CPU
		{10E3DB69-09E5-483B-A3E7-49B94E95BAC5}.AppStore|Any CPU.Deploy.0 = Release|Any CPU
		{10E3DB69-09E5-483B-A3E7-49B94E95BAC5}.AppStore|iPhone.ActiveCfg = Release|Any CPU
		{10E3DB69-09E5-483B-A3E7-49B94E95BAC5}.AppStore|iPhone.Build.0 = Release|Any CPU
		{10E3DB69-09E5-483B-A3E7-49B94E95BAC5}.AppStore|iPhone.Deploy.0 = Release|Any CPU
		{10E3DB69-09E5-483B-A3E7-49B94E95BAC5}.AppStore|iPhoneSimulator.ActiveCfg = Release|Any CPU
		{10E3DB69-09E5-483B-A3E7-49B94E95BAC5}.AppStore|iPhoneSimulator.Build.0 = Release|Any CPU
		{10E3DB69-09E5-483B-A3E7-49B94E95BAC5}.AppStore|iPhoneSimulator.Deploy.0 = Release|Any CPU
		{10E3DB69-09E5-483B-A3E7-49B94E95BAC5}.Debug|Any CPU.ActiveCfg = Debug|Any CPU
		{10E3DB69-09E5-483B-A3E7-49B94E95BAC5}.Debug|Any CPU.Build.0 = Debug|Any CPU
		{10E3DB69-09E5-483B-A3E7-49B94E95BAC5}.Debug|Any CPU.Deploy.0 = Debug|Any CPU
		{10E3DB69-09E5-483B-A3E7-49B94E95BAC5}.Debug|iPhone.ActiveCfg = Debug|Any CPU
		{10E3DB69-09E5-483B-A3E7-49B94E95BAC5}.Debug|iPhone.Build.0 = Debug|Any CPU
		{10E3DB69-09E5-483B-A3E7-49B94E95BAC5}.Debug|iPhone.Deploy.0 = Debug|Any CPU
		{10E3DB69-09E5-483B-A3E7-49B94E95BAC5}.Debug|iPhoneSimulator.ActiveCfg = Debug|Any CPU
		{10E3DB69-09E5-483B-A3E7-49B94E95BAC5}.Debug|iPhoneSimulator.Build.0 = Debug|Any CPU
		{10E3DB69-09E5-483B-A3E7-49B94E95BAC5}.Debug|iPhoneSimulator.Deploy.0 = Debug|Any CPU
		{10E3DB69-09E5-483B-A3E7-49B94E95BAC5}.Release|Any CPU.ActiveCfg = Release|Any CPU
		{10E3DB69-09E5-483B-A3E7-49B94E95BAC5}.Release|Any CPU.Build.0 = Release|Any CPU
		{10E3DB69-09E5-483B-A3E7-49B94E95BAC5}.Release|Any CPU.Deploy.0 = Release|Any CPU
		{10E3DB69-09E5-483B-A3E7-49B94E95BAC5}.Release|iPhone.ActiveCfg = Release|Any CPU
		{10E3DB69-09E5-483B-A3E7-49B94E95BAC5}.Release|iPhone.Build.0 = Release|Any CPU
		{10E3DB69-09E5-483B-A3E7-49B94E95BAC5}.Release|iPhone.Deploy.0 = Release|Any CPU
		{10E3DB69-09E5-483B-A3E7-49B94E95BAC5}.Release|iPhoneSimulator.ActiveCfg = Release|Any CPU
		{10E3DB69-09E5-483B-A3E7-49B94E95BAC5}.Release|iPhoneSimulator.Build.0 = Release|Any CPU
		{10E3DB69-09E5-483B-A3E7-49B94E95BAC5}.Release|iPhoneSimulator.Deploy.0 = Release|Any CPU
		{CCB573E6-15ED-4A95-97E2-A6AAFA08E345}.Ad-Hoc|Any CPU.ActiveCfg = Ad-Hoc|iPhone
		{CCB573E6-15ED-4A95-97E2-A6AAFA08E345}.Ad-Hoc|Any CPU.Build.0 = Ad-Hoc|iPhone
		{CCB573E6-15ED-4A95-97E2-A6AAFA08E345}.Ad-Hoc|Any CPU.Deploy.0 = Ad-Hoc|iPhone
		{CCB573E6-15ED-4A95-97E2-A6AAFA08E345}.Ad-Hoc|iPhone.ActiveCfg = Ad-Hoc|iPhone
		{CCB573E6-15ED-4A95-97E2-A6AAFA08E345}.Ad-Hoc|iPhone.Build.0 = Ad-Hoc|iPhone
		{CCB573E6-15ED-4A95-97E2-A6AAFA08E345}.Ad-Hoc|iPhone.Deploy.0 = Ad-Hoc|iPhone
		{CCB573E6-15ED-4A95-97E2-A6AAFA08E345}.Ad-Hoc|iPhoneSimulator.ActiveCfg = Ad-Hoc|iPhoneSimulator
		{CCB573E6-15ED-4A95-97E2-A6AAFA08E345}.Ad-Hoc|iPhoneSimulator.Build.0 = Ad-Hoc|iPhoneSimulator
		{CCB573E6-15ED-4A95-97E2-A6AAFA08E345}.Ad-Hoc|iPhoneSimulator.Deploy.0 = Ad-Hoc|iPhoneSimulator
		{CCB573E6-15ED-4A95-97E2-A6AAFA08E345}.AppStore|Any CPU.ActiveCfg = AppStore|iPhone
		{CCB573E6-15ED-4A95-97E2-A6AAFA08E345}.AppStore|Any CPU.Build.0 = AppStore|iPhone
		{CCB573E6-15ED-4A95-97E2-A6AAFA08E345}.AppStore|Any CPU.Deploy.0 = AppStore|iPhone
		{CCB573E6-15ED-4A95-97E2-A6AAFA08E345}.AppStore|iPhone.ActiveCfg = AppStore|iPhone
		{CCB573E6-15ED-4A95-97E2-A6AAFA08E345}.AppStore|iPhone.Build.0 = AppStore|iPhone
		{CCB573E6-15ED-4A95-97E2-A6AAFA08E345}.AppStore|iPhone.Deploy.0 = AppStore|iPhone
		{CCB573E6-15ED-4A95-97E2-A6AAFA08E345}.AppStore|iPhoneSimulator.ActiveCfg = AppStore|iPhoneSimulator
		{CCB573E6-15ED-4A95-97E2-A6AAFA08E345}.AppStore|iPhoneSimulator.Build.0 = AppStore|iPhoneSimulator
		{CCB573E6-15ED-4A95-97E2-A6AAFA08E345}.AppStore|iPhoneSimulator.Deploy.0 = AppStore|iPhoneSimulator
		{CCB573E6-15ED-4A95-97E2-A6AAFA08E345}.Debug|Any CPU.ActiveCfg = Debug|iPhoneSimulator
		{CCB573E6-15ED-4A95-97E2-A6AAFA08E345}.Debug|Any CPU.Build.0 = Debug|iPhoneSimulator
		{CCB573E6-15ED-4A95-97E2-A6AAFA08E345}.Debug|Any CPU.Deploy.0 = Debug|iPhoneSimulator
		{CCB573E6-15ED-4A95-97E2-A6AAFA08E345}.Debug|iPhone.ActiveCfg = Debug|iPhone
		{CCB573E6-15ED-4A95-97E2-A6AAFA08E345}.Debug|iPhone.Build.0 = Debug|iPhone
		{CCB573E6-15ED-4A95-97E2-A6AAFA08E345}.Debug|iPhone.Deploy.0 = Debug|iPhone
		{CCB573E6-15ED-4A95-97E2-A6AAFA08E345}.Debug|iPhoneSimulator.ActiveCfg = Debug|iPhoneSimulator
		{CCB573E6-15ED-4A95-97E2-A6AAFA08E345}.Debug|iPhoneSimulator.Build.0 = Debug|iPhoneSimulator
		{CCB573E6-15ED-4A95-97E2-A6AAFA08E345}.Debug|iPhoneSimulator.Deploy.0 = Debug|iPhoneSimulator
		{CCB573E6-15ED-4A95-97E2-A6AAFA08E345}.Release|Any CPU.ActiveCfg = Release|iPhone
		{CCB573E6-15ED-4A95-97E2-A6AAFA08E345}.Release|Any CPU.Build.0 = Release|iPhone
		{CCB573E6-15ED-4A95-97E2-A6AAFA08E345}.Release|Any CPU.Deploy.0 = Release|iPhone
		{CCB573E6-15ED-4A95-97E2-A6AAFA08E345}.Release|iPhone.ActiveCfg = Release|iPhone
		{CCB573E6-15ED-4A95-97E2-A6AAFA08E345}.Release|iPhone.Build.0 = Release|iPhone
		{CCB573E6-15ED-4A95-97E2-A6AAFA08E345}.Release|iPhone.Deploy.0 = Release|iPhone
		{CCB573E6-15ED-4A95-97E2-A6AAFA08E345}.Release|iPhoneSimulator.ActiveCfg = Release|iPhoneSimulator
		{CCB573E6-15ED-4A95-97E2-A6AAFA08E345}.Release|iPhoneSimulator.Build.0 = Release|iPhoneSimulator
		{CCB573E6-15ED-4A95-97E2-A6AAFA08E345}.Release|iPhoneSimulator.Deploy.0 = Release|iPhoneSimulator
		{FEEE31CB-3F53-42CC-BDDF-F1AF9534D9B9}.Ad-Hoc|Any CPU.ActiveCfg = Debug|Any CPU
		{FEEE31CB-3F53-42CC-BDDF-F1AF9534D9B9}.Ad-Hoc|Any CPU.Build.0 = Debug|Any CPU
		{FEEE31CB-3F53-42CC-BDDF-F1AF9534D9B9}.Ad-Hoc|Any CPU.Deploy.0 = Debug|Any CPU
		{FEEE31CB-3F53-42CC-BDDF-F1AF9534D9B9}.Ad-Hoc|iPhone.ActiveCfg = Debug|Any CPU
		{FEEE31CB-3F53-42CC-BDDF-F1AF9534D9B9}.Ad-Hoc|iPhone.Build.0 = Debug|Any CPU
		{FEEE31CB-3F53-42CC-BDDF-F1AF9534D9B9}.Ad-Hoc|iPhone.Deploy.0 = Debug|Any CPU
		{FEEE31CB-3F53-42CC-BDDF-F1AF9534D9B9}.Ad-Hoc|iPhoneSimulator.ActiveCfg = Debug|Any CPU
		{FEEE31CB-3F53-42CC-BDDF-F1AF9534D9B9}.Ad-Hoc|iPhoneSimulator.Build.0 = Debug|Any CPU
		{FEEE31CB-3F53-42CC-BDDF-F1AF9534D9B9}.Ad-Hoc|iPhoneSimulator.Deploy.0 = Debug|Any CPU
		{FEEE31CB-3F53-42CC-BDDF-F1AF9534D9B9}.AppStore|Any CPU.ActiveCfg = Debug|Any CPU
		{FEEE31CB-3F53-42CC-BDDF-F1AF9534D9B9}.AppStore|Any CPU.Build.0 = Debug|Any CPU
		{FEEE31CB-3F53-42CC-BDDF-F1AF9534D9B9}.AppStore|Any CPU.Deploy.0 = Debug|Any CPU
		{FEEE31CB-3F53-42CC-BDDF-F1AF9534D9B9}.AppStore|iPhone.ActiveCfg = Debug|Any CPU
		{FEEE31CB-3F53-42CC-BDDF-F1AF9534D9B9}.AppStore|iPhone.Build.0 = Debug|Any CPU
		{FEEE31CB-3F53-42CC-BDDF-F1AF9534D9B9}.AppStore|iPhone.Deploy.0 = Debug|Any CPU
		{FEEE31CB-3F53-42CC-BDDF-F1AF9534D9B9}.AppStore|iPhoneSimulator.ActiveCfg = Debug|Any CPU
		{FEEE31CB-3F53-42CC-BDDF-F1AF9534D9B9}.AppStore|iPhoneSimulator.Build.0 = Debug|Any CPU
		{FEEE31CB-3F53-42CC-BDDF-F1AF9534D9B9}.AppStore|iPhoneSimulator.Deploy.0 = Debug|Any CPU
		{FEEE31CB-3F53-42CC-BDDF-F1AF9534D9B9}.Debug|Any CPU.ActiveCfg = Debug|Any CPU
		{FEEE31CB-3F53-42CC-BDDF-F1AF9534D9B9}.Debug|Any CPU.Build.0 = Debug|Any CPU
		{FEEE31CB-3F53-42CC-BDDF-F1AF9534D9B9}.Debug|Any CPU.Deploy.0 = Debug|Any CPU
		{FEEE31CB-3F53-42CC-BDDF-F1AF9534D9B9}.Debug|iPhone.ActiveCfg = Debug|Any CPU
		{FEEE31CB-3F53-42CC-BDDF-F1AF9534D9B9}.Debug|iPhone.Build.0 = Debug|Any CPU
		{FEEE31CB-3F53-42CC-BDDF-F1AF9534D9B9}.Debug|iPhone.Deploy.0 = Debug|Any CPU
		{FEEE31CB-3F53-42CC-BDDF-F1AF9534D9B9}.Debug|iPhoneSimulator.ActiveCfg = Debug|Any CPU
		{FEEE31CB-3F53-42CC-BDDF-F1AF9534D9B9}.Debug|iPhoneSimulator.Build.0 = Debug|Any CPU
		{FEEE31CB-3F53-42CC-BDDF-F1AF9534D9B9}.Debug|iPhoneSimulator.Deploy.0 = Debug|Any CPU
		{FEEE31CB-3F53-42CC-BDDF-F1AF9534D9B9}.Release|Any CPU.ActiveCfg = Release|Any CPU
		{FEEE31CB-3F53-42CC-BDDF-F1AF9534D9B9}.Release|Any CPU.Build.0 = Release|Any CPU
		{FEEE31CB-3F53-42CC-BDDF-F1AF9534D9B9}.Release|Any CPU.Deploy.0 = Release|Any CPU
		{FEEE31CB-3F53-42CC-BDDF-F1AF9534D9B9}.Release|iPhone.ActiveCfg = Release|Any CPU
		{FEEE31CB-3F53-42CC-BDDF-F1AF9534D9B9}.Release|iPhone.Build.0 = Release|Any CPU
		{FEEE31CB-3F53-42CC-BDDF-F1AF9534D9B9}.Release|iPhone.Deploy.0 = Release|Any CPU
		{FEEE31CB-3F53-42CC-BDDF-F1AF9534D9B9}.Release|iPhoneSimulator.ActiveCfg = Release|Any CPU
		{FEEE31CB-3F53-42CC-BDDF-F1AF9534D9B9}.Release|iPhoneSimulator.Build.0 = Release|Any CPU
		{FEEE31CB-3F53-42CC-BDDF-F1AF9534D9B9}.Release|iPhoneSimulator.Deploy.0 = Release|Any CPU
	EndGlobalSection
	GlobalSection(SolutionProperties) = preSolution
		HideSolutionNode = FALSE
	EndGlobalSection
	GlobalSection(ExtensibilityGlobals) = postSolution
		SolutionGuid = {88C98F4E-2EC0-47A5-8955-90A141BA60BA}
	EndGlobalSection
EndGlobal
